
Microsoft Visual Studio Solution File, Format Version 12.00
# Visual Studio Version 17
VisualStudioVersion = 17.0.31903.59
MinimumVisualStudioVersion = 10.0.40219.1
Project("{9A19103F-16F7-4668-BE54-9A1E7A4F7556}") = "ChristmasCalendar", "ChristmasCalendar\ChristmasCalendar.csproj", "{CBE55779-8093-4B63-AE5D-19AA4C1B8430}"
EndProject
Global
	GlobalSection(SolutionConfigurationPlatforms) = preSolution
		Debug|Any CPU = Debug|Any CPU
		Release|Any CPU = Release|Any CPU
	EndGlobalSection
	GlobalSection(ProjectConfigurationPlatforms) = postSolution
		{CBE55779-8093-4B63-AE5D-19AA4C1B8430}.Debug|Any CPU.ActiveCfg = Debug|Any CPU
		{CBE55779-8093-4B63-AE5D-19AA4C1B8430}.Debug|Any CPU.Build.0 = Debug|Any CPU
		{CBE55779-8093-4B63-AE5D-19AA4C1B8430}.Release|Any CPU.ActiveCfg = Release|Any CPU
		{CBE55779-8093-4B63-AE5D-19AA4C1B8430}.Release|Any CPU.Build.0 = Release|Any CPU
	EndGlobalSection
	GlobalSection(SolutionProperties) = preSolution
		HideSolutionNode = FALSE
	EndGlobalSection
	GlobalSection(ExtensibilityGlobals) = postSolution
		SolutionGuid = {B9A2E00C-E708-429F-8E30-9DDEB741488C}
	EndGlobalSection
EndGlobal
